// !$*UTF8*$!
{
	archiveVersion = 1;
	classes = {
	};
	objectVersion = 46;
	objects = {

/* Begin PBXBuildFile section */
		F9D53B331C33730400AACB41 /* AppDelegate.swift in Sources */ = {isa = PBXBuildFile; fileRef = F9D53B321C33730400AACB41 /* AppDelegate.swift */; };
		F9D53B351C33730400AACB41 /* ViewController.swift in Sources */ = {isa = PBXBuildFile; fileRef = F9D53B341C33730400AACB41 /* ViewController.swift */; };
		F9D53B381C33730400AACB41 /* Main.storyboard in Resources */ = {isa = PBXBuildFile; fileRef = F9D53B361C33730400AACB41 /* Main.storyboard */; };
		F9D53B3A1C33730400AACB41 /* Assets.xcassets in Resources */ = {isa = PBXBuildFile; fileRef = F9D53B391C33730400AACB41 /* Assets.xcassets */; };
		F9D53B3D1C33730400AACB41 /* LaunchScreen.storyboard in Resources */ = {isa = PBXBuildFile; fileRef = F9D53B3B1C33730400AACB41 /* LaunchScreen.storyboard */; };
		F9D53B481C33730400AACB41 /* TabzTests.swift in Sources */ = {isa = PBXBuildFile; fileRef = F9D53B471C33730400AACB41 /* TabzTests.swift */; };
		F9D53B531C33730400AACB41 /* TabzUITests.swift in Sources */ = {isa = PBXBuildFile; fileRef = F9D53B521C33730400AACB41 /* TabzUITests.swift */; };
/* End PBXBuildFile section */

/* Begin PBXContainerItemProxy section */
		F9D53B441C33730400AACB41 /* PBXContainerItemProxy */ = {
			isa = PBXContainerItemProxy;
			containerPortal = F9D53B271C33730400AACB41 /* Project object */;
			proxyType = 1;
			remoteGlobalIDString = F9D53B2E1C33730400AACB41;
			remoteInfo = Tabz;
		};
		F9D53B4F1C33730400AACB41 /* PBXContainerItemProxy */ = {
			isa = PBXContainerItemProxy;
			containerPortal = F9D53B271C33730400AACB41 /* Project object */;
			proxyType = 1;
			remoteGlobalIDString = F9D53B2E1C33730400AACB41;
			remoteInfo = Tabz;
		};
/* End PBXContainerItemProxy section */

/* Begin PBXFileReference section */
		F9D53B2F1C33730400AACB41 /* Tabz.app */ = {isa = PBXFileReference; explicitFileType = wrapper.application; includeInIndex = 0; path = Tabz.app; sourceTree = BUILT_PRODUCTS_DIR; };
		F9D53B321C33730400AACB41 /* AppDelegate.swift */ = {isa = PBXFileReference; lastKnownFileType = sourcecode.swift; path = AppDelegate.swift; sourceTree = "<group>"; };
		F9D53B341C33730400AACB41 /* ViewController.swift */ = {isa = PBXFileReference; lastKnownFileType = sourcecode.swift; path = ViewController.swift; sourceTree = "<group>"; };
		F9D53B371C33730400AACB41 /* Base */ = {isa = PBXFileReference; lastKnownFileType = file.storyboard; name = Base; path = Base.lproj/Main.storyboard; sourceTree = "<group>"; };
		F9D53B391C33730400AACB41 /* Assets.xcassets */ = {isa = PBXFileReference; lastKnownFileType = folder.assetcatalog; path = Assets.xcassets; sourceTree = "<group>"; };
		F9D53B3C1C33730400AACB41 /* Base */ = {isa = PBXFileReference; lastKnownFileType = file.storyboard; name = Base; path = Base.lproj/LaunchScreen.storyboard; sourceTree = "<group>"; };
		F9D53B3E1C33730400AACB41 /* Info.plist */ = {isa = PBXFileReference; lastKnownFileType = text.plist.xml; path = Info.plist; sourceTree = "<group>"; };
		F9D53B431C33730400AACB41 /* TabzTests.xctest */ = {isa = PBXFileReference; explicitFileType = wrapper.cfbundle; includeInIndex = 0; path = TabzTests.xctest; sourceTree = BUILT_PRODUCTS_DIR; };
		F9D53B471C33730400AACB41 /* TabzTests.swift */ = {isa = PBXFileReference; lastKnownFileType = sourcecode.swift; path = TabzTests.swift; sourceTree = "<group>"; };
		F9D53B491C33730400AACB41 /* Info.plist */ = {isa = PBXFileReference; lastKnownFileType = text.plist.xml; path = Info.plist; sourceTree = "<group>"; };
		F9D53B4E1C33730400AACB41 /* TabzUITests.xctest */ = {isa = PBXFileReference; explicitFileType = wrapper.cfbundle; includeInIndex = 0; path = TabzUITests.xctest; sourceTree = BUILT_PRODUCTS_DIR; };
		F9D53B521C33730400AACB41 /* TabzUITests.swift */ = {isa = PBXFileReference; lastKnownFileType = sourcecode.swift; path = TabzUITests.swift; sourceTree = "<group>"; };
		F9D53B541C33730400AACB41 /* Info.plist */ = {isa = PBXFileReference; lastKnownFileType = text.plist.xml; path = Info.plist; sourceTree = "<group>"; };
/* End PBXFileReference section */

/* Begin PBXFrameworksBuildPhase section */
		F9D53B2C1C33730400AACB41 /* Frameworks */ = {
			isa = PBXFrameworksBuildPhase;
			buildActionMask = 2147483647;
			files = (
			);
			runOnlyForDeploymentPostprocessing = 0;
		};
		F9D53B401C33730400AACB41 /* Frameworks */ = {
			isa = PBXFrameworksBuildPhase;
			buildActionMask = 2147483647;
			files = (
			);
			runOnlyForDeploymentPostprocessing = 0;
		};
		F9D53B4B1C33730400AACB41 /* Frameworks */ = {
			isa = PBXFrameworksBuildPhase;
			buildActionMask = 2147483647;
			files = (
			);
			runOnlyForDeploymentPostprocessing = 0;
		};
/* End PBXFrameworksBuildPhase section */

/* Begin PBXGroup section */
		F9D53B261C33730400AACB41 = {
			isa = PBXGroup;
			children = (
				F9D53B311C33730400AACB41 /* Tabz */,
				F9D53B461C33730400AACB41 /* TabzTests */,
				F9D53B511C33730400AACB41 /* TabzUITests */,
				F9D53B301C33730400AACB41 /* Products */,
			);
			sourceTree = "<group>";
		};
		F9D53B301C33730400AACB41 /* Products */ = {
			isa = PBXGroup;
			children = (
				F9D53B2F1C33730400AACB41 /* Tabz.app */,
				F9D53B431C33730400AACB41 /* TabzTests.xctest */,
				F9D53B4E1C33730400AACB41 /* TabzUITests.xctest */,
			);
			name = Products;
			sourceTree = "<group>";
		};
		F9D53B311C33730400AACB41 /* Tabz */ = {
			isa = PBXGroup;
			children = (
				F9D53B321C33730400AACB41 /* AppDelegate.swift */,
				F9D53B341C33730400AACB41 /* ViewController.swift */,
				F9D53B361C33730400AACB41 /* Main.storyboard */,
				F9D53B391C33730400AACB41 /* Assets.xcassets */,
				F9D53B3B1C33730400AACB41 /* LaunchScreen.storyboard */,
				F9D53B3E1C33730400AACB41 /* Info.plist */,
			);
			path = Tabz;
			sourceTree = "<group>";
		};
		F9D53B461C33730400AACB41 /* TabzTests */ = {
			isa = PBXGroup;
			children = (
				F9D53B471C33730400AACB41 /* TabzTests.swift */,
				F9D53B491C33730400AACB41 /* Info.plist */,
			);
			path = TabzTests;
			sourceTree = "<group>";
		};
		F9D53B511C33730400AACB41 /* TabzUITests */ = {
			isa = PBXGroup;
			children = (
				F9D53B521C33730400AACB41 /* TabzUITests.swift */,
				F9D53B541C33730400AACB41 /* Info.plist */,
			);
			path = TabzUITests;
			sourceTree = "<group>";
		};
/* End PBXGroup section */

/* Begin PBXNativeTarget section */
		F9D53B2E1C33730400AACB41 /* Tabz */ = {
			isa = PBXNativeTarget;
			buildConfigurationList = F9D53B571C33730400AACB41 /* Build configuration list for PBXNativeTarget "Tabz" */;
			buildPhases = (
				F9D53B2B1C33730400AACB41 /* Sources */,
				F9D53B2C1C33730400AACB41 /* Frameworks */,
				F9D53B2D1C33730400AACB41 /* Resources */,
			);
			buildRules = (
			);
			dependencies = (
			);
			name = Tabz;
			productName = Tabz;
			productReference = F9D53B2F1C33730400AACB41 /* Tabz.app */;
			productType = "com.apple.product-type.application";
		};
		F9D53B421C33730400AACB41 /* TabzTests */ = {
			isa = PBXNativeTarget;
			buildConfigurationList = F9D53B5A1C33730400AACB41 /* Build configuration list for PBXNativeTarget "TabzTests" */;
			buildPhases = (
				F9D53B3F1C33730400AACB41 /* Sources */,
				F9D53B401C33730400AACB41 /* Frameworks */,
				F9D53B411C33730400AACB41 /* Resources */,
			);
			buildRules = (
			);
			dependencies = (
				F9D53B451C33730400AACB41 /* PBXTargetDependency */,
			);
			name = TabzTests;
			productName = TabzTests;
			productReference = F9D53B431C33730400AACB41 /* TabzTests.xctest */;
			productType = "com.apple.product-type.bundle.unit-test";
		};
		F9D53B4D1C33730400AACB41 /* TabzUITests */ = {
			isa = PBXNativeTarget;
			buildConfigurationList = F9D53B5D1C33730400AACB41 /* Build configuration list for PBXNativeTarget "TabzUITests" */;
			buildPhases = (
				F9D53B4A1C33730400AACB41 /* Sources */,
				F9D53B4B1C33730400AACB41 /* Frameworks */,
				F9D53B4C1C33730400AACB41 /* Resources */,
			);
			buildRules = (
			);
			dependencies = (
				F9D53B501C33730400AACB41 /* PBXTargetDependency */,
			);
			name = TabzUITests;
			productName = TabzUITests;
			productReference = F9D53B4E1C33730400AACB41 /* TabzUITests.xctest */;
			productType = "com.apple.product-type.bundle.ui-testing";
		};
/* End PBXNativeTarget section */

/* Begin PBXProject section */
		F9D53B271C33730400AACB41 /* Project object */ = {
			isa = PBXProject;
			attributes = {
				LastSwiftUpdateCheck = 0720;
				LastUpgradeCheck = 0720;
				ORGANIZATIONNAME = "Edward Punzalan";
				TargetAttributes = {
					F9D53B2E1C33730400AACB41 = {
						CreatedOnToolsVersion = 7.2;
					};
					F9D53B421C33730400AACB41 = {
						CreatedOnToolsVersion = 7.2;
						TestTargetID = F9D53B2E1C33730400AACB41;
					};
					F9D53B4D1C33730400AACB41 = {
						CreatedOnToolsVersion = 7.2;
						TestTargetID = F9D53B2E1C33730400AACB41;
					};
				};
			};
			buildConfigurationList = F9D53B2A1C33730400AACB41 /* Build configuration list for PBXProject "Tabz" */;
			compatibilityVersion = "Xcode 3.2";
			developmentRegion = English;
			hasScannedForEncodings = 0;
			knownRegions = (
				en,
				Base,
			);
			mainGroup = F9D53B261C33730400AACB41;
			productRefGroup = F9D53B301C33730400AACB41 /* Products */;
			projectDirPath = "";
			projectRoot = "";
			targets = (
				F9D53B2E1C33730400AACB41 /* Tabz */,
				F9D53B421C33730400AACB41 /* TabzTests */,
				F9D53B4D1C33730400AACB41 /* TabzUITests */,
			);
		};
/* End PBXProject section */

/* Begin PBXResourcesBuildPhase section */
		F9D53B2D1C33730400AACB41 /* Resources */ = {
			isa = PBXResourcesBuildPhase;
			buildActionMask = 2147483647;
			files = (
				F9D53B3D1C33730400AACB41 /* LaunchScreen.storyboard in Resources */,
				F9D53B3A1C33730400AACB41 /* Assets.xcassets in Resources */,
				F9D53B381C33730400AACB41 /* Main.storyboard in Resources */,
			);
			runOnlyForDeploymentPostprocessing = 0;
		};
		F9D53B411C33730400AACB41 /* Resources */ = {
			isa = PBXResourcesBuildPhase;
			buildActionMask = 2147483647;
			files = (
			);
			runOnlyForDeploymentPostprocessing = 0;
		};
		F9D53B4C1C33730400AACB41 /* Resources */ = {
			isa = PBXResourcesBuildPhase;
			buildActionMask = 2147483647;
			files = (
			);
			runOnlyForDeploymentPostprocessing = 0;
		};
/* End PBXResourcesBuildPhase section */

/* Begin PBXSourcesBuildPhase section */
		F9D53B2B1C33730400AACB41 /* Sources */ = {
			isa = PBXSourcesBuildPhase;
			buildActionMask = 2147483647;
			files = (
				F9D53B351C33730400AACB41 /* ViewController.swift in Sources */,
				F9D53B331C33730400AACB41 /* AppDelegate.swift in Sources */,
			);
			runOnlyForDeploymentPostprocessing = 0;
		};
		F9D53B3F1C33730400AACB41 /* Sources */ = {
			isa = PBXSourcesBuildPhase;
			buildActionMask = 2147483647;
			files = (
				F9D53B481C33730400AACB41 /* TabzTests.swift in Sources */,
			);
			runOnlyForDeploymentPostprocessing = 0;
		};
		F9D53B4A1C33730400AACB41 /* Sources */ = {
			isa = PBXSourcesBuildPhase;
			buildActionMask = 2147483647;
			files = (
				F9D53B531C33730400AACB41 /* TabzUITests.swift in Sources */,
			);
			runOnlyForDeploymentPostprocessing = 0;
		};
/* End PBXSourcesBuildPhase section */

/* Begin PBXTargetDependency section */
		F9D53B451C33730400AACB41 /* PBXTargetDependency */ = {
			isa = PBXTargetDependency;
			target = F9D53B2E1C33730400AACB41 /* Tabz */;
			targetProxy = F9D53B441C33730400AACB41 /* PBXContainerItemProxy */;
		};
		F9D53B501C33730400AACB41 /* PBXTargetDependency */ = {
			isa = PBXTargetDependency;
			target = F9D53B2E1C33730400AACB41 /* Tabz */;
			targetProxy = F9D53B4F1C33730400AACB41 /* PBXContainerItemProxy */;
		};
/* End PBXTargetDependency section */

/* Begin PBXVariantGroup section */
		F9D53B361C33730400AACB41 /* Main.storyboard */ = {
			isa = PBXVariantGroup;
			children = (
				F9D53B371C33730400AACB41 /* Base */,
			);
			name = Main.storyboard;
			sourceTree = "<group>";
		};
		F9D53B3B1C33730400AACB41 /* LaunchScreen.storyboard */ = {
			isa = PBXVariantGroup;
			children = (
				F9D53B3C1C33730400AACB41 /* Base */,
			);
			name = LaunchScreen.storyboard;
			sourceTree = "<group>";
		};
/* End PBXVariantGroup section */

/* Begin XCBuildConfiguration section */
		F9D53B551C33730400AACB41 /* Debug */ = {
			isa = XCBuildConfiguration;
			buildSettings = {
				ALWAYS_SEARCH_USER_PATHS = NO;
				CLANG_CXX_LANGUAGE_STANDARD = "gnu++0x";
				CLANG_CXX_LIBRARY = "libc++";
				CLANG_ENABLE_MODULES = YES;
				CLANG_ENABLE_OBJC_ARC = YES;
				CLANG_WARN_BOOL_CONVERSION = YES;
				CLANG_WARN_CONSTANT_CONVERSION = YES;
				CLANG_WARN_DIRECT_OBJC_ISA_USAGE = YES_ERROR;
				CLANG_WARN_EMPTY_BODY = YES;
				CLANG_WARN_ENUM_CONVERSION = YES;
				CLANG_WARN_INT_CONVERSION = YES;
				CLANG_WARN_OBJC_ROOT_CLASS = YES_ERROR;
				CLANG_WARN_UNREACHABLE_CODE = YES;
				CLANG_WARN__DUPLICATE_METHOD_MATCH = YES;
				"CODE_SIGN_IDENTITY[sdk=iphoneos*]" = "iPhone Developer";
				COPY_PHASE_STRIP = NO;
				DEBUG_INFORMATION_FORMAT = dwarf;
				ENABLE_STRICT_OBJC_MSGSEND = YES;
				ENABLE_TESTABILITY = YES;
				GCC_C_LANGUAGE_STANDARD = gnu99;
				GCC_DYNAMIC_NO_PIC = NO;
				GCC_NO_COMMON_BLOCKS = YES;
				GCC_OPTIMIZATION_LEVEL = 0;
				GCC_PREPROCESSOR_DEFINITIONS = (
					"DEBUG=1",
					"$(inherited)",
				);
				GCC_WARN_64_TO_32_BIT_CONVERSION = YES;
				GCC_WARN_ABOUT_RETURN_TYPE = YES_ERROR;
				GCC_WARN_UNDECLARED_SELECTOR = YES;
				GCC_WARN_UNINITIALIZED_AUTOS = YES_AGGRESSIVE;
				GCC_WARN_UNUSED_FUNCTION = YES;
				GCC_WARN_UNUSED_VARIABLE = YES;
				IPHONEOS_DEPLOYMENT_TARGET = 9.2;
				MTL_ENABLE_DEBUG_INFO = YES;
				ONLY_ACTIVE_ARCH = YES;
				SDKROOT = iphoneos;
				SWIFT_OPTIMIZATION_LEVEL = "-Onone";
			};
			name = Debug;
		};
		F9D53B561C33730400AACB41 /* Release */ = {
			isa = XCBuildConfiguration;
			buildSettings = {
				ALWAYS_SEARCH_USER_PATHS = NO;
				CLANG_CXX_LANGUAGE_STANDARD = "gnu++0x";
				CLANG_CXX_LIBRARY = "libc++";
				CLANG_ENABLE_MODULES = YES;
				CLANG_ENABLE_OBJC_ARC = YES;
				CLANG_WARN_BOOL_CONVERSION = YES;
				CLANG_WARN_CONSTANT_CONVERSION = YES;
				CLANG_WARN_DIRECT_OBJC_ISA_USAGE = YES_ERROR;
				CLANG_WARN_EMPTY_BODY = YES;
				CLANG_WARN_ENUM_CONVERSION = YES;
				CLANG_WARN_INT_CONVERSION = YES;
				CLANG_WARN_OBJC_ROOT_CLASS = YES_ERROR;
				CLANG_WARN_UNREACHABLE_CODE = YES;
				CLANG_WARN__DUPLICATE_METHOD_MATCH = YES;
				"CODE_SIGN_IDENTITY[sdk=iphoneos*]" = "iPhone Developer";
				COPY_PHASE_STRIP = NO;
				DEBUG_INFORMATION_FORMAT = "dwarf-with-dsym";
				ENABLE_NS_ASSERTIONS = NO;
				ENABLE_STRICT_OBJC_MSGSEND = YES;
				GCC_C_LANGUAGE_STANDARD = gnu99;
				GCC_NO_COMMON_BLOCKS = YES;
				GCC_WARN_64_TO_32_BIT_CONVERSION = YES;
				GCC_WARN_ABOUT_RETURN_TYPE = YES_ERROR;
				GCC_WARN_UNDECLARED_SELECTOR = YES;
				GCC_WARN_UNINITIALIZED_AUTOS = YES_AGGRESSIVE;
				GCC_WARN_UNUSED_FUNCTION = YES;
				GCC_WARN_UNUSED_VARIABLE = YES;
				IPHONEOS_DEPLOYMENT_TARGET = 9.2;
				MTL_ENABLE_DEBUG_INFO = NO;
				SDKROOT = iphoneos;
				VALIDATE_PRODUCT = YES;
			};
			name = Release;
		};
		F9D53B581C33730400AACB41 /* Debug */ = {
			isa = XCBuildConfiguration;
			buildSettings = {
				ASSETCATALOG_COMPILER_APPICON_NAME = AppIcon;
				INFOPLIST_FILE = Tabz/Info.plist;
				IPHONEOS_DEPLOYMENT_TARGET = 7.0;
				LD_RUNPATH_SEARCH_PATHS = "$(inherited) @executable_path/Frameworks";
				PRODUCT_BUNDLE_IDENTIFIER = Eddpunzy.Tabz;
				PRODUCT_NAME = "$(TARGET_NAME)";
			};
			name = Debug;
		};
		F9D53B591C33730400AACB41 /* Release */ = {
			isa = XCBuildConfiguration;
			buildSettings = {
				ASSETCATALOG_COMPILER_APPICON_NAME = AppIcon;
				INFOPLIST_FILE = Tabz/Info.plist;
				IPHONEOS_DEPLOYMENT_TARGET = 7.0;
				LD_RUNPATH_SEARCH_PATHS = "$(inherited) @executable_path/Frameworks";
				PRODUCT_BUNDLE_IDENTIFIER = Eddpunzy.Tabz;
				PRODUCT_NAME = "$(TARGET_NAME)";
			};
			name = Release;
		};
		F9D53B5B1C33730400AACB41 /* Debug */ = {
			isa = XCBuildConfiguration;
			buildSettings = {
				BUNDLE_LOADER = "$(TEST_HOST)";
				INFOPLIST_FILE = TabzTests/Info.plist;
				LD_RUNPATH_SEARCH_PATHS = "$(inherited) @executable_path/Frameworks @loader_path/Frameworks";
				PRODUCT_BUNDLE_IDENTIFIER = Eddpunzy.TabzTests;
				PRODUCT_NAME = "$(TARGET_NAME)";
				TEST_HOST = "$(BUILT_PRODUCTS_DIR)/Tabz.app/Tabz";
			};
			name = Debug;
		};
		F9D53B5C1C33730400AACB41 /* Release */ = {
			isa = XCBuildConfiguration;
			buildSettings = {
				BUNDLE_LOADER = "$(TEST_HOST)";
				INFOPLIST_FILE = TabzTests/Info.plist;
				LD_RUNPATH_SEARCH_PATHS = "$(inherited) @executable_path/Frameworks @loader_path/Frameworks";
				PRODUCT_BUNDLE_IDENTIFIER = Eddpunzy.TabzTests;
				PRODUCT_NAME = "$(TARGET_NAME)";
				TEST_HOST = "$(BUILT_PRODUCTS_DIR)/Tabz.app/Tabz";
			};
			name = Release;
		};
		F9D53B5E1C33730400AACB41 /* Debug */ = {
			isa = XCBuildConfiguration;
			buildSettings = {
				INFOPLIST_FILE = TabzUITests/Info.plist;
				LD_RUNPATH_SEARCH_PATHS = "$(inherited) @executable_path/Frameworks @loader_path/Frameworks";
				PRODUCT_BUNDLE_IDENTIFIER = Eddpunzy.TabzUITests;
				PRODUCT_NAME = "$(TARGET_NAME)";
				TEST_TARGET_NAME = Tabz;
				USES_XCTRUNNER = YES;
			};
			name = Debug;
		};
		F9D53B5F1C33730400AACB41 /* Release */ = {
			isa = XCBuildConfiguration;
			buildSettings = {
				INFOPLIST_FILE = TabzUITests/Info.plist;
				LD_RUNPATH_SEARCH_PATHS = "$(inherited) @executable_path/Frameworks @loader_path/Frameworks";
				PRODUCT_BUNDLE_IDENTIFIER = Eddpunzy.TabzUITests;
				PRODUCT_NAME = "$(TARGET_NAME)";
				TEST_TARGET_NAME = Tabz;
				USES_XCTRUNNER = YES;
			};
			name = Release;
		};
/* End XCBuildConfiguration section */

/* Begin XCConfigurationList section */
		F9D53B2A1C33730400AACB41 /* Build configuration list for PBXProject "Tabz" */ = {
			isa = XCConfigurationList;
			buildConfigurations = (
				F9D53B551C33730400AACB41 /* Debug */,
				F9D53B561C33730400AACB41 /* Release */,
			);
			defaultConfigurationIsVisible = 0;
			defaultConfigurationName = Release;
		};
		F9D53B571C33730400AACB41 /* Build configuration list for PBXNativeTarget "Tabz" */ = {
			isa = XCConfigurationList;
			buildConfigurations = (
				F9D53B581C33730400AACB41 /* Debug */,
				F9D53B591C33730400AACB41 /* Release */,
			);
			defaultConfigurationIsVisible = 0;
		};
		F9D53B5A1C33730400AACB41 /* Build configuration list for PBXNativeTarget "TabzTests" */ = {
			isa = XCConfigurationList;
			buildConfigurations = (
				F9D53B5B1C33730400AACB41 /* Debug */,
				F9D53B5C1C33730400AACB41 /* Release */,
			);
			defaultConfigurationIsVisible = 0;
		};
		F9D53B5D1C33730400AACB41 /* Build configuration list for PBXNativeTarget "TabzUITests" */ = {
			isa = XCConfigurationList;
			buildConfigurations = (
				F9D53B5E1C33730400AACB41 /* Debug */,
				F9D53B5F1C33730400AACB41 /* Release */,
			);
			defaultConfigurationIsVisible = 0;
		};
/* End XCConfigurationList section */
	};
	rootObject = F9D53B271C33730400AACB41 /* Project object */;
}
